{
  "name": "undp-foundation-zurb-template",
  "version": "1.0.0",
  "lockfileVersion": 1,
  "requires": true,
  "dependencies": {
    "foundation-sites": {
      "version": "6.5.3",
      "resolved": "https://registry.npmjs.org/foundation-sites/-/foundation-sites-6.5.3.tgz",
      "integrity": "sha512-ZwI0idjHHjezh6jRjpPxkczvmtUuJ1uGatZHpyloX0MvsFHfM0BFoxrqdXryXugGPdmb+yJi3JYMnz6+5t3K1A=="
    },
    "jquery": {
      "version": "3.4.1",
      "resolved": "https://registry.npmjs.org/jquery/-/jquery-3.4.1.tgz",
      "integrity": "sha512-36+AdBzCL+y6qjw5Tx7HgzeGCzC81MDDgaUP8ld2zhx58HdqXGoBd+tHdrBMiyjGQs0Hxs/MLZTu/eHNJJuWPw=="
    },
    "lazysizes": {
      "version": "5.1.1",
      "resolved": "https://registry.npmjs.org/lazysizes/-/lazysizes-5.1.1.tgz",
      "integrity": "sha512-UCbdRSsozjlS6r56dPMFXX+AW2t8G0duRKxQDwvEpNTrWOHQo56YlTx5ssT7epU87PoruF1q9tvW3kSbQjorMw=="
    },
    "motion-ui": {
      "version": "2.0.3",
      "resolved": "https://registry.npmjs.org/motion-ui/-/motion-ui-2.0.3.tgz",
      "integrity": "sha512-f9xzh/hbZTUYjk4M7y1aDcsiPTfqUbuvCv/+If05TSIBEJMu3hGBU+YSe9csQPP7WBBHXxjossEygM/TJo2enw=="
    },
    "what-input": {
      "version": "5.2.3",
      "resolved": "https://registry.npmjs.org/what-input/-/what-input-5.2.3.tgz",
      "integrity": "sha512-ekQJmKNVEPcFIE2YI1L7iXm/m2QTQWe9QqewSCCFZs2ZPo3yOfA8TV8ioBx/JnWZrDUNVGj/YdDJCH5uagMEgg=="
    }
  }
}
